
Microsoft Visual Studio Solution File, Format Version 12.00
# Visual Studio 2012
Project("{FAE04EC0-301F-11D3-BF4B-00C04F79EFBC}") = "LaunchCast", "LaunchCast\LaunchCast.csproj", "{AB12BEE1-22DB-492F-AB96-F6AC732D1CA8}"
EndProject
Global
	GlobalSection(SolutionConfigurationPlatforms) = preSolution
		Debug|Any CPU = Debug|Any CPU
		Release|Any CPU = Release|Any CPU
	EndGlobalSection
	GlobalSection(ProjectConfigurationPlatforms) = postSolution
		{AB12BEE1-22DB-492F-AB96-F6AC732D1CA8}.Debug|Any CPU.ActiveCfg = Debug|Any CPU
		{AB12BEE1-22DB-492F-AB96-F6AC732D1CA8}.Debug|Any CPU.Build.0 = Debug|Any CPU
		{AB12BEE1-22DB-492F-AB96-F6AC732D1CA8}.Release|Any CPU.ActiveCfg = Release|Any CPU
		{AB12BEE1-22DB-492F-AB96-F6AC732D1CA8}.Release|Any CPU.Build.0 = Release|Any CPU
	EndGlobalSection
EndGlobal
